{
  "name": "morgan",
  "version": "1.8.1",
  "dependencies": {
    "basic-auth": {
      "version": "1.1.0"
    },
    "debug": {
      "version": "2.6.1",
      "dependencies": {
        "ms": {
          "version": "0.7.2"
        }
      }
    },
    "depd": {
      "version": "1.1.0"
    },
    "on-finished": {
      "version": "2.3.0",
      "dependencies": {
        "ee-first": {
          "version": "1.1.1"
        }
      }
    },
    "on-headers": {
      "version": "1.0.1"
    }
  }
}
